// !$*UTF8*$!
{
	archiveVersion = 1;
	classes = {
	};
	objectVersion = 56;
	objects = {

/* Begin PBXBuildFile section */
		46525CA628B6443B00D90956 /* OrderView.swift in Sources */ = {isa = PBXBuildFile; fileRef = 46525CA528B6443B00D90956 /* OrderView.swift */; };
		46A1B01D28AFD8FF00302426 /* TextViews.swift in Sources */ = {isa = PBXBuildFile; fileRef = 46A1B01C28AFD8FF00302426 /* TextViews.swift */; };
		46A1B01F28AFD91D00302426 /* RoundViews.swift in Sources */ = {isa = PBXBuildFile; fileRef = 46A1B01E28AFD91D00302426 /* RoundViews.swift */; };
		46A1B02128AFD93800302426 /* HomeBackgroundView.swift in Sources */ = {isa = PBXBuildFile; fileRef = 46A1B02028AFD93800302426 /* HomeBackgroundView.swift */; };
		46A1B02328AFD95200302426 /* OnboardView.swift in Sources */ = {isa = PBXBuildFile; fileRef = 46A1B02228AFD95200302426 /* OnboardView.swift */; };
		46A1B02528AFDE2000302426 /* Constants.swift in Sources */ = {isa = PBXBuildFile; fileRef = 46A1B02428AFDE2000302426 /* Constants.swift */; };
		46AAB96328AFCDDE00DE602A /* Jelly_BellyApp.swift in Sources */ = {isa = PBXBuildFile; fileRef = 46AAB96228AFCDDE00DE602A /* Jelly_BellyApp.swift */; };
		46AAB96528AFCDDE00DE602A /* ContentView.swift in Sources */ = {isa = PBXBuildFile; fileRef = 46AAB96428AFCDDE00DE602A /* ContentView.swift */; };
		46AAB96728AFCDDF00DE602A /* Assets.xcassets in Resources */ = {isa = PBXBuildFile; fileRef = 46AAB96628AFCDDF00DE602A /* Assets.xcassets */; };
		46AAB96B28AFCDDF00DE602A /* Preview Assets.xcassets in Resources */ = {isa = PBXBuildFile; fileRef = 46AAB96A28AFCDDF00DE602A /* Preview Assets.xcassets */; };
		46B4943B28B4E4B8003D910B /* readme.md in Resources */ = {isa = PBXBuildFile; fileRef = 46B4943A28B4E4B8003D910B /* readme.md */; };
		46E4379228B62061004FCB53 /* DataStructures.swift in Sources */ = {isa = PBXBuildFile; fileRef = 46E4379128B62061004FCB53 /* DataStructures.swift */; };
/* End PBXBuildFile section */

/* Begin PBXFileReference section */
		46525CA528B6443B00D90956 /* OrderView.swift */ = {isa = PBXFileReference; lastKnownFileType = sourcecode.swift; path = OrderView.swift; sourceTree = "<group>"; };
		46A1B01C28AFD8FF00302426 /* TextViews.swift */ = {isa = PBXFileReference; lastKnownFileType = sourcecode.swift; path = TextViews.swift; sourceTree = "<group>"; };
		46A1B01E28AFD91D00302426 /* RoundViews.swift */ = {isa = PBXFileReference; lastKnownFileType = sourcecode.swift; path = RoundViews.swift; sourceTree = "<group>"; };
		46A1B02028AFD93800302426 /* HomeBackgroundView.swift */ = {isa = PBXFileReference; lastKnownFileType = sourcecode.swift; path = HomeBackgroundView.swift; sourceTree = "<group>"; };
		46A1B02228AFD95200302426 /* OnboardView.swift */ = {isa = PBXFileReference; lastKnownFileType = sourcecode.swift; path = OnboardView.swift; sourceTree = "<group>"; };
		46A1B02428AFDE2000302426 /* Constants.swift */ = {isa = PBXFileReference; lastKnownFileType = sourcecode.swift; path = Constants.swift; sourceTree = "<group>"; };
		46AAB95F28AFCDDE00DE602A /* Jelly Belly.app */ = {isa = PBXFileReference; explicitFileType = wrapper.application; includeInIndex = 0; path = "Jelly Belly.app"; sourceTree = BUILT_PRODUCTS_DIR; };
		46AAB96228AFCDDE00DE602A /* Jelly_BellyApp.swift */ = {isa = PBXFileReference; lastKnownFileType = sourcecode.swift; path = Jelly_BellyApp.swift; sourceTree = "<group>"; };
		46AAB96428AFCDDE00DE602A /* ContentView.swift */ = {isa = PBXFileReference; lastKnownFileType = sourcecode.swift; path = ContentView.swift; sourceTree = "<group>"; };
		46AAB96628AFCDDF00DE602A /* Assets.xcassets */ = {isa = PBXFileReference; lastKnownFileType = folder.assetcatalog; path = Assets.xcassets; sourceTree = "<group>"; };
		46AAB96828AFCDDF00DE602A /* Jelly_Belly.entitlements */ = {isa = PBXFileReference; lastKnownFileType = text.plist.entitlements; path = Jelly_Belly.entitlements; sourceTree = "<group>"; };
		46AAB96A28AFCDDF00DE602A /* Preview Assets.xcassets */ = {isa = PBXFileReference; lastKnownFileType = folder.assetcatalog; path = "Preview Assets.xcassets"; sourceTree = "<group>"; };
		46B4943A28B4E4B8003D910B /* readme.md */ = {isa = PBXFileReference; fileEncoding = 4; lastKnownFileType = net.daringfireball.markdown; path = readme.md; sourceTree = "<group>"; };
		46B4943C28B4E4F0003D910B /* DataStructures.playground */ = {isa = PBXFileReference; lastKnownFileType = file.playground; path = DataStructures.playground; sourceTree = "<group>"; xcLanguageSpecificationIdentifier = xcode.lang.swift; };
		46E4379128B62061004FCB53 /* DataStructures.swift */ = {isa = PBXFileReference; lastKnownFileType = sourcecode.swift; path = DataStructures.swift; sourceTree = "<group>"; };
/* End PBXFileReference section */

/* Begin PBXFrameworksBuildPhase section */
		46AAB95C28AFCDDE00DE602A /* Frameworks */ = {
			isa = PBXFrameworksBuildPhase;
			buildActionMask = 2147483647;
			files = (
			);
			runOnlyForDeploymentPostprocessing = 0;
		};
/* End PBXFrameworksBuildPhase section */

/* Begin PBXGroup section */
		46A1B01928AFD7D600302426 /* Views */ = {
			isa = PBXGroup;
			children = (
				46AAB96428AFCDDE00DE602A /* ContentView.swift */,
				46A1B01C28AFD8FF00302426 /* TextViews.swift */,
				46A1B01E28AFD91D00302426 /* RoundViews.swift */,
				46A1B02028AFD93800302426 /* HomeBackgroundView.swift */,
				46A1B02228AFD95200302426 /* OnboardView.swift */,
				46525CA528B6443B00D90956 /* OrderView.swift */,
			);
			path = Views;
			sourceTree = "<group>";
		};
		46A1B01A28AFD7F400302426 /* App */ = {
			isa = PBXGroup;
			children = (
				46AAB96228AFCDDE00DE602A /* Jelly_BellyApp.swift */,
				46AAB96628AFCDDF00DE602A /* Assets.xcassets */,
			);
			path = App;
			sourceTree = "<group>";
		};
		46A1B01B28AFD7FC00302426 /* Models */ = {
			isa = PBXGroup;
			children = (
				46A1B02428AFDE2000302426 /* Constants.swift */,
				46E4379128B62061004FCB53 /* DataStructures.swift */,
			);
			path = Models;
			sourceTree = "<group>";
		};
		46AAB95628AFCDDE00DE602A = {
			isa = PBXGroup;
			children = (
				46AAB96128AFCDDE00DE602A /* Jelly Belly */,
				46AAB96028AFCDDE00DE602A /* Products */,
			);
			sourceTree = "<group>";
		};
		46AAB96028AFCDDE00DE602A /* Products */ = {
			isa = PBXGroup;
			children = (
				46AAB95F28AFCDDE00DE602A /* Jelly Belly.app */,
			);
			name = Products;
			sourceTree = "<group>";
		};
		46AAB96128AFCDDE00DE602A /* Jelly Belly */ = {
			isa = PBXGroup;
			children = (
				46B4943928B4E462003D910B /* DataStructures */,
				46A1B01A28AFD7F400302426 /* App */,
				46A1B01928AFD7D600302426 /* Views */,
				46A1B01B28AFD7FC00302426 /* Models */,
				46AAB96828AFCDDF00DE602A /* Jelly_Belly.entitlements */,
				46AAB96928AFCDDF00DE602A /* Preview Content */,
			);
			path = "Jelly Belly";
			sourceTree = "<group>";
		};
		46AAB96928AFCDDF00DE602A /* Preview Content */ = {
			isa = PBXGroup;
			children = (
				46AAB96A28AFCDDF00DE602A /* Preview Assets.xcassets */,
			);
			path = "Preview Content";
			sourceTree = "<group>";
		};
		46B4943928B4E462003D910B /* DataStructures */ = {
			isa = PBXGroup;
			children = (
				46B4943C28B4E4F0003D910B /* DataStructures.playground */,
				46B4943A28B4E4B8003D910B /* readme.md */,
			);
			path = DataStructures;
			sourceTree = "<group>";
		};
/* End PBXGroup section */

/* Begin PBXNativeTarget section */
		46AAB95E28AFCDDE00DE602A /* Jelly Belly */ = {
			isa = PBXNativeTarget;
			buildConfigurationList = 46AAB96E28AFCDDF00DE602A /* Build configuration list for PBXNativeTarget "Jelly Belly" */;
			buildPhases = (
				46AAB95B28AFCDDE00DE602A /* Sources */,
				46AAB95C28AFCDDE00DE602A /* Frameworks */,
				46AAB95D28AFCDDE00DE602A /* Resources */,
			);
			buildRules = (
			);
			dependencies = (
			);
			name = "Jelly Belly";
			productName = "Jelly Belly";
			productReference = 46AAB95F28AFCDDE00DE602A /* Jelly Belly.app */;
			productType = "com.apple.product-type.application";
		};
/* End PBXNativeTarget section */

/* Begin PBXProject section */
		46AAB95728AFCDDE00DE602A /* Project object */ = {
			isa = PBXProject;
			attributes = {
				BuildIndependentTargetsInParallel = 1;
				LastSwiftUpdateCheck = 1400;
				LastUpgradeCheck = 1400;
				TargetAttributes = {
					46AAB95E28AFCDDE00DE602A = {
						CreatedOnToolsVersion = 14.0;
					};
				};
			};
			buildConfigurationList = 46AAB95A28AFCDDE00DE602A /* Build configuration list for PBXProject "Jelly Belly" */;
			compatibilityVersion = "Xcode 14.0";
			developmentRegion = en;
			hasScannedForEncodings = 0;
			knownRegions = (
				en,
				Base,
			);
			mainGroup = 46AAB95628AFCDDE00DE602A;
			productRefGroup = 46AAB96028AFCDDE00DE602A /* Products */;
			projectDirPath = "";
			projectRoot = "";
			targets = (
				46AAB95E28AFCDDE00DE602A /* Jelly Belly */,
			);
		};
/* End PBXProject section */

/* Begin PBXResourcesBuildPhase section */
		46AAB95D28AFCDDE00DE602A /* Resources */ = {
			isa = PBXResourcesBuildPhase;
			buildActionMask = 2147483647;
			files = (
				46AAB96B28AFCDDF00DE602A /* Preview Assets.xcassets in Resources */,
				46B4943B28B4E4B8003D910B /* readme.md in Resources */,
				46AAB96728AFCDDF00DE602A /* Assets.xcassets in Resources */,
			);
			runOnlyForDeploymentPostprocessing = 0;
		};
/* End PBXResourcesBuildPhase section */

/* Begin PBXSourcesBuildPhase section */
		46AAB95B28AFCDDE00DE602A /* Sources */ = {
			isa = PBXSourcesBuildPhase;
			buildActionMask = 2147483647;
			files = (
				46A1B02128AFD93800302426 /* HomeBackgroundView.swift in Sources */,
				46AAB96528AFCDDE00DE602A /* ContentView.swift in Sources */,
				46A1B01F28AFD91D00302426 /* RoundViews.swift in Sources */,
				46AAB96328AFCDDE00DE602A /* Jelly_BellyApp.swift in Sources */,
				46A1B02528AFDE2000302426 /* Constants.swift in Sources */,
				46525CA628B6443B00D90956 /* OrderView.swift in Sources */,
				46E4379228B62061004FCB53 /* DataStructures.swift in Sources */,
				46A1B02328AFD95200302426 /* OnboardView.swift in Sources */,
				46A1B01D28AFD8FF00302426 /* TextViews.swift in Sources */,
			);
			runOnlyForDeploymentPostprocessing = 0;
		};
/* End PBXSourcesBuildPhase section */

/* Begin XCBuildConfiguration section */
		46AAB96C28AFCDDF00DE602A /* Debug */ = {
			isa = XCBuildConfiguration;
			buildSettings = {
				ALWAYS_SEARCH_USER_PATHS = NO;
				CLANG_ANALYZER_NONNULL = YES;
				CLANG_ANALYZER_NUMBER_OBJECT_CONVERSION = YES_AGGRESSIVE;
				CLANG_CXX_LANGUAGE_STANDARD = "gnu++20";
				CLANG_ENABLE_MODULES = YES;
				CLANG_ENABLE_OBJC_ARC = YES;
				CLANG_ENABLE_OBJC_WEAK = YES;
				CLANG_WARN_BLOCK_CAPTURE_AUTORELEASING = YES;
				CLANG_WARN_BOOL_CONVERSION = YES;
				CLANG_WARN_COMMA = YES;
				CLANG_WARN_CONSTANT_CONVERSION = YES;
				CLANG_WARN_DEPRECATED_OBJC_IMPLEMENTATIONS = YES;
				CLANG_WARN_DIRECT_OBJC_ISA_USAGE = YES_ERROR;
				CLANG_WARN_DOCUMENTATION_COMMENTS = YES;
				CLANG_WARN_EMPTY_BODY = YES;
				CLANG_WARN_ENUM_CONVERSION = YES;
				CLANG_WARN_INFINITE_RECURSION = YES;
				CLANG_WARN_INT_CONVERSION = YES;
				CLANG_WARN_NON_LITERAL_NULL_CONVERSION = YES;
				CLANG_WARN_OBJC_IMPLICIT_RETAIN_SELF = YES;
				CLANG_WARN_OBJC_LITERAL_CONVERSION = YES;
				CLANG_WARN_OBJC_ROOT_CLASS = YES_ERROR;
				CLANG_WARN_QUOTED_INCLUDE_IN_FRAMEWORK_HEADER = YES;
				CLANG_WARN_RANGE_LOOP_ANALYSIS = YES;
				CLANG_WARN_STRICT_PROTOTYPES = YES;
				CLANG_WARN_SUSPICIOUS_MOVE = YES;
				CLANG_WARN_UNGUARDED_AVAILABILITY = YES_AGGRESSIVE;
				CLANG_WARN_UNREACHABLE_CODE = YES;
				CLANG_WARN__DUPLICATE_METHOD_MATCH = YES;
				COPY_PHASE_STRIP = NO;
				DEBUG_INFORMATION_FORMAT = dwarf;
				ENABLE_STRICT_OBJC_MSGSEND = YES;
				ENABLE_TESTABILITY = YES;
				GCC_C_LANGUAGE_STANDARD = gnu11;
				GCC_DYNAMIC_NO_PIC = NO;
				GCC_NO_COMMON_BLOCKS = YES;
				GCC_OPTIMIZATION_LEVEL = 0;
				GCC_PREPROCESSOR_DEFINITIONS = (
					"DEBUG=1",
					"$(inherited)",
				);
				GCC_WARN_64_TO_32_BIT_CONVERSION = YES;
				GCC_WARN_ABOUT_RETURN_TYPE = YES_ERROR;
				GCC_WARN_UNDECLARED_SELECTOR = YES;
				GCC_WARN_UNINITIALIZED_AUTOS = YES_AGGRESSIVE;
				GCC_WARN_UNUSED_FUNCTION = YES;
				GCC_WARN_UNUSED_VARIABLE = YES;
				MTL_ENABLE_DEBUG_INFO = INCLUDE_SOURCE;
				MTL_FAST_MATH = YES;
				ONLY_ACTIVE_ARCH = YES;
				SWIFT_ACTIVE_COMPILATION_CONDITIONS = DEBUG;
				SWIFT_OPTIMIZATION_LEVEL = "-Onone";
			};
			name = Debug;
		};
		46AAB96D28AFCDDF00DE602A /* Release */ = {
			isa = XCBuildConfiguration;
			buildSettings = {
				ALWAYS_SEARCH_USER_PATHS = NO;
				CLANG_ANALYZER_NONNULL = YES;
				CLANG_ANALYZER_NUMBER_OBJECT_CONVERSION = YES_AGGRESSIVE;
				CLANG_CXX_LANGUAGE_STANDARD = "gnu++20";
				CLANG_ENABLE_MODULES = YES;
				CLANG_ENABLE_OBJC_ARC = YES;
				CLANG_ENABLE_OBJC_WEAK = YES;
				CLANG_WARN_BLOCK_CAPTURE_AUTORELEASING = YES;
				CLANG_WARN_BOOL_CONVERSION = YES;
				CLANG_WARN_COMMA = YES;
				CLANG_WARN_CONSTANT_CONVERSION = YES;
				CLANG_WARN_DEPRECATED_OBJC_IMPLEMENTATIONS = YES;
				CLANG_WARN_DIRECT_OBJC_ISA_USAGE = YES_ERROR;
				CLANG_WARN_DOCUMENTATION_COMMENTS = YES;
				CLANG_WARN_EMPTY_BODY = YES;
				CLANG_WARN_ENUM_CONVERSION = YES;
				CLANG_WARN_INFINITE_RECURSION = YES;
				CLANG_WARN_INT_CONVERSION = YES;
				CLANG_WARN_NON_LITERAL_NULL_CONVERSION = YES;
				CLANG_WARN_OBJC_IMPLICIT_RETAIN_SELF = YES;
				CLANG_WARN_OBJC_LITERAL_CONVERSION = YES;
				CLANG_WARN_OBJC_ROOT_CLASS = YES_ERROR;
				CLANG_WARN_QUOTED_INCLUDE_IN_FRAMEWORK_HEADER = YES;
				CLANG_WARN_RANGE_LOOP_ANALYSIS = YES;
				CLANG_WARN_STRICT_PROTOTYPES = YES;
				CLANG_WARN_SUSPICIOUS_MOVE = YES;
				CLANG_WARN_UNGUARDED_AVAILABILITY = YES_AGGRESSIVE;
				CLANG_WARN_UNREACHABLE_CODE = YES;
				CLANG_WARN__DUPLICATE_METHOD_MATCH = YES;
				COPY_PHASE_STRIP = NO;
				DEBUG_INFORMATION_FORMAT = "dwarf-with-dsym";
				ENABLE_NS_ASSERTIONS = NO;
				ENABLE_STRICT_OBJC_MSGSEND = YES;
				GCC_C_LANGUAGE_STANDARD = gnu11;
				GCC_NO_COMMON_BLOCKS = YES;
				GCC_WARN_64_TO_32_BIT_CONVERSION = YES;
				GCC_WARN_ABOUT_RETURN_TYPE = YES_ERROR;
				GCC_WARN_UNDECLARED_SELECTOR = YES;
				GCC_WARN_UNINITIALIZED_AUTOS = YES_AGGRESSIVE;
				GCC_WARN_UNUSED_FUNCTION = YES;
				GCC_WARN_UNUSED_VARIABLE = YES;
				MTL_ENABLE_DEBUG_INFO = NO;
				MTL_FAST_MATH = YES;
				SWIFT_COMPILATION_MODE = wholemodule;
				SWIFT_OPTIMIZATION_LEVEL = "-O";
			};
			name = Release;
		};
		46AAB96F28AFCDDF00DE602A /* Debug */ = {
			isa = XCBuildConfiguration;
			buildSettings = {
				ASSETCATALOG_COMPILER_APPICON_NAME = AppIcon;
				ASSETCATALOG_COMPILER_GLOBAL_ACCENT_COLOR_NAME = AccentColor;
				CODE_SIGN_ENTITLEMENTS = "Jelly Belly/Jelly_Belly.entitlements";
				CODE_SIGN_STYLE = Automatic;
				CURRENT_PROJECT_VERSION = 1;
				DEVELOPMENT_ASSET_PATHS = "\"Jelly Belly/Preview Content\"";
				DEVELOPMENT_TEAM = 8TTD5JG84R;
				ENABLE_HARDENED_RUNTIME = YES;
				ENABLE_PREVIEWS = YES;
				GENERATE_INFOPLIST_FILE = YES;
				INFOPLIST_KEY_CFBundleDisplayName = "Jelly Belly";
				"INFOPLIST_KEY_UIApplicationSceneManifest_Generation[sdk=iphoneos*]" = YES;
				"INFOPLIST_KEY_UIApplicationSceneManifest_Generation[sdk=iphonesimulator*]" = YES;
				"INFOPLIST_KEY_UIApplicationSupportsIndirectInputEvents[sdk=iphoneos*]" = YES;
				"INFOPLIST_KEY_UIApplicationSupportsIndirectInputEvents[sdk=iphonesimulator*]" = YES;
				"INFOPLIST_KEY_UILaunchScreen_Generation[sdk=iphoneos*]" = YES;
				"INFOPLIST_KEY_UILaunchScreen_Generation[sdk=iphonesimulator*]" = YES;
				"INFOPLIST_KEY_UIStatusBarStyle[sdk=iphoneos*]" = UIStatusBarStyleDefault;
				"INFOPLIST_KEY_UIStatusBarStyle[sdk=iphonesimulator*]" = UIStatusBarStyleDefault;
				INFOPLIST_KEY_UISupportedInterfaceOrientations_iPad = "UIInterfaceOrientationPortrait UIInterfaceOrientationPortraitUpsideDown UIInterfaceOrientationLandscapeLeft UIInterfaceOrientationLandscapeRight";
				INFOPLIST_KEY_UISupportedInterfaceOrientations_iPhone = "UIInterfaceOrientationPortrait UIInterfaceOrientationLandscapeLeft UIInterfaceOrientationLandscapeRight";
				LD_RUNPATH_SEARCH_PATHS = "@executable_path/Frameworks";
				"LD_RUNPATH_SEARCH_PATHS[sdk=macosx*]" = "@executable_path/../Frameworks";
				MACOSX_DEPLOYMENT_TARGET = 12.5;
				MARKETING_VERSION = 1.0;
				PRODUCT_BUNDLE_IDENTIFIER = "com.jrogel.rogueloop.Jelly-Belly";
				PRODUCT_NAME = "$(TARGET_NAME)";
				SDKROOT = auto;
				SUPPORTED_PLATFORMS = "iphoneos iphonesimulator macosx";
				SWIFT_EMIT_LOC_STRINGS = YES;
				SWIFT_VERSION = 5.0;
				TARGETED_DEVICE_FAMILY = "1,2";
			};
			name = Debug;
		};
		46AAB97028AFCDDF00DE602A /* Release */ = {
			isa = XCBuildConfiguration;
			buildSettings = {
				ASSETCATALOG_COMPILER_APPICON_NAME = AppIcon;
				ASSETCATALOG_COMPILER_GLOBAL_ACCENT_COLOR_NAME = AccentColor;
				CODE_SIGN_ENTITLEMENTS = "Jelly Belly/Jelly_Belly.entitlements";
				CODE_SIGN_STYLE = Automatic;
				CURRENT_PROJECT_VERSION = 1;
				DEVELOPMENT_ASSET_PATHS = "\"Jelly Belly/Preview Content\"";
				DEVELOPMENT_TEAM = 8TTD5JG84R;
				ENABLE_HARDENED_RUNTIME = YES;
				ENABLE_PREVIEWS = YES;
				GENERATE_INFOPLIST_FILE = YES;
				INFOPLIST_KEY_CFBundleDisplayName = "Jelly Belly";
				"INFOPLIST_KEY_UIApplicationSceneManifest_Generation[sdk=iphoneos*]" = YES;
				"INFOPLIST_KEY_UIApplicationSceneManifest_Generation[sdk=iphonesimulator*]" = YES;
				"INFOPLIST_KEY_UIApplicationSupportsIndirectInputEvents[sdk=iphoneos*]" = YES;
				"INFOPLIST_KEY_UIApplicationSupportsIndirectInputEvents[sdk=iphonesimulator*]" = YES;
				"INFOPLIST_KEY_UILaunchScreen_Generation[sdk=iphoneos*]" = YES;
				"INFOPLIST_KEY_UILaunchScreen_Generation[sdk=iphonesimulator*]" = YES;
				"INFOPLIST_KEY_UIStatusBarStyle[sdk=iphoneos*]" = UIStatusBarStyleDefault;
				"INFOPLIST_KEY_UIStatusBarStyle[sdk=iphonesimulator*]" = UIStatusBarStyleDefault;
				INFOPLIST_KEY_UISupportedInterfaceOrientations_iPad = "UIInterfaceOrientationPortrait UIInterfaceOrientationPortraitUpsideDown UIInterfaceOrientationLandscapeLeft UIInterfaceOrientationLandscapeRight";
				INFOPLIST_KEY_UISupportedInterfaceOrientations_iPhone = "UIInterfaceOrientationPortrait UIInterfaceOrientationLandscapeLeft UIInterfaceOrientationLandscapeRight";
				LD_RUNPATH_SEARCH_PATHS = "@executable_path/Frameworks";
				"LD_RUNPATH_SEARCH_PATHS[sdk=macosx*]" = "@executable_path/../Frameworks";
				MACOSX_DEPLOYMENT_TARGET = 12.5;
				MARKETING_VERSION = 1.0;
				PRODUCT_BUNDLE_IDENTIFIER = "com.jrogel.rogueloop.Jelly-Belly";
				PRODUCT_NAME = "$(TARGET_NAME)";
				SDKROOT = auto;
				SUPPORTED_PLATFORMS = "iphoneos iphonesimulator macosx";
				SWIFT_EMIT_LOC_STRINGS = YES;
				SWIFT_VERSION = 5.0;
				TARGETED_DEVICE_FAMILY = "1,2";
			};
			name = Release;
		};
/* End XCBuildConfiguration section */

/* Begin XCConfigurationList section */
		46AAB95A28AFCDDE00DE602A /* Build configuration list for PBXProject "Jelly Belly" */ = {
			isa = XCConfigurationList;
			buildConfigurations = (
				46AAB96C28AFCDDF00DE602A /* Debug */,
				46AAB96D28AFCDDF00DE602A /* Release */,
			);
			defaultConfigurationIsVisible = 0;
			defaultConfigurationName = Release;
		};
		46AAB96E28AFCDDF00DE602A /* Build configuration list for PBXNativeTarget "Jelly Belly" */ = {
			isa = XCConfigurationList;
			buildConfigurations = (
				46AAB96F28AFCDDF00DE602A /* Debug */,
				46AAB97028AFCDDF00DE602A /* Release */,
			);
			defaultConfigurationIsVisible = 0;
			defaultConfigurationName = Release;
		};
/* End XCConfigurationList section */
	};
	rootObject = 46AAB95728AFCDDE00DE602A /* Project object */;
}
